
Microsoft Visual Studio Solution File, Format Version 12.00
# Visual Studio Version 17
VisualStudioVersion = 17.0.31903.59
MinimumVisualStudioVersion = 10.0.40219.1
Project("{9A19103F-16F7-4668-BE54-9A1E7A4F7556}") = "CodeArchitects.Platform.Infrastructure", "src\Infrastructure\CodeArchitects.Platform.Infrastructure.csproj", "{54743C88-11C2-4761-8536-B56218604416}"
EndProject
Project("{2150E333-8FDC-42A3-9474-1A3956D46DE8}") = "UnitTests", "UnitTests", "{2221E47A-0474-48FC-8840-E8E6CDAED427}"
EndProject
Project("{9A19103F-16F7-4668-BE54-9A1E7A4F7556}") = "CodeArchitects.Platform.Common", "src\Common\CodeArchitects.Platform.Common.csproj", "{9B91B97B-D34F-4B60-9226-0EEAA96E2DDC}"
EndProject
Project("{9A19103F-16F7-4668-BE54-9A1E7A4F7556}") = "CodeArchitects.Platform.Common.UnitTests", "tests\Common.UnitTests\CodeArchitects.Platform.Common.UnitTests.csproj", "{B85236B3-9869-44A1-90B2-88097EE43A5C}"
EndProject
Project("{9A19103F-16F7-4668-BE54-9A1E7A4F7556}") = "CodeArchitects.Platform.Data", "src\Data\CodeArchitects.Platform.Data.csproj", "{C22CC44C-9092-4AB2-9103-1C66E6C3AB38}"
EndProject
Project("{9A19103F-16F7-4668-BE54-9A1E7A4F7556}") = "CodeArchitects.Platform.Data.EntityFrameworkCore", "src\Data.EntityFrameworkCore\CodeArchitects.Platform.Data.EntityFrameworkCore.csproj", "{63326C5E-B857-4D2C-BA60-46151F434AA0}"
EndProject
Project("{9A19103F-16F7-4668-BE54-9A1E7A4F7556}") = "CodeArchitects.Platform.Application", "src\Application\CodeArchitects.Platform.Application.csproj", "{D41F7716-18DF-47DF-82AF-8A5CF4613408}"
EndProject
Project("{9A19103F-16F7-4668-BE54-9A1E7A4F7556}") = "CodeArchitects.Platform.Application.UnitTests", "tests\Application.UnitTests\CodeArchitects.Platform.Application.UnitTests.csproj", "{521269E7-1BCB-41AD-8307-FC72BC4792F2}"
EndProject
Project("{2150E333-8FDC-42A3-9474-1A3956D46DE8}") = "Analyzers", "Analyzers", "{646C726C-D374-4213-B169-EB07E0130DEF}"
EndProject
Project("{9A19103F-16F7-4668-BE54-9A1E7A4F7556}") = "CodeArchitects.Platform.Dapr.AspNetCore", "src\Dapr.AspNetCore\CodeArchitects.Platform.Dapr.AspNetCore.csproj", "{6778695A-66DB-4AF3-984C-89AA1F70C5D5}"
EndProject
Project("{2150E333-8FDC-42A3-9474-1A3956D46DE8}") = "Dapr", "Dapr", "{279511E3-104D-4A68-BCE7-F9E97414ECDD}"
EndProject
Project("{9A19103F-16F7-4668-BE54-9A1E7A4F7556}") = "CodeArchitects.Platform.Messaging", "src\Messaging\CodeArchitects.Platform.Messaging.csproj", "{2E3C34D8-D7C7-41C4-A9C5-0D38F9798878}"
EndProject
Project("{9A19103F-16F7-4668-BE54-9A1E7A4F7556}") = "CodeArchitects.Platform.Messaging.Dapr", "src\Messaging.Dapr\CodeArchitects.Platform.Messaging.Dapr.csproj", "{C442D08B-B968-4DB1-9399-32F0B2D3B107}"
EndProject
Project("{9A19103F-16F7-4668-BE54-9A1E7A4F7556}") = "CodeArchitects.Platform.Messaging.Dapr.AspNetCore", "src\Messaging.Dapr.AspNetCore\CodeArchitects.Platform.Messaging.Dapr.AspNetCore.csproj", "{03E4EF17-FD2C-4D91-99A1-6FB8FC5F52BC}"
EndProject
Project("{9A19103F-16F7-4668-BE54-9A1E7A4F7556}") = "CodeArchitects.Platform.Messaging.UnitTests", "tests\Messaging.UnitTests\CodeArchitects.Platform.Messaging.UnitTests.csproj", "{82BFC8E6-5642-40ED-B55E-FB3FB13D5C54}"
EndProject
Project("{9A19103F-16F7-4668-BE54-9A1E7A4F7556}") = "CodeArchitects.Platform.Messaging.AspNetCore", "src\Messaging.AspNetCore\CodeArchitects.Platform.Messaging.AspNetCore.csproj", "{D507A572-3A15-4476-BA59-181B268D2614}"
EndProject
Project("{9A19103F-16F7-4668-BE54-9A1E7A4F7556}") = "CodeArchitects.Platform.Messaging.AspNetCore.UnitTests", "tests\Messaging.AspNetCore.UnitTests\CodeArchitects.Platform.Messaging.AspNetCore.UnitTests.csproj", "{77BF8CFC-E0AC-44A0-81B5-DEA429794283}"
EndProject
Project("{9A19103F-16F7-4668-BE54-9A1E7A4F7556}") = "CodeArchitects.Platform.Messaging.Dapr.UnitTests", "tests\Messaging.Dapr.UnitTests\CodeArchitects.Platform.Messaging.Dapr.UnitTests.csproj", "{98749229-6110-439D-A07B-CCDEFCB5D0BC}"
EndProject
Project("{9A19103F-16F7-4668-BE54-9A1E7A4F7556}") = "CodeArchitects.Platform.Messaging.Dapr.AspNetCore.UnitTests", "tests\Messaging.Dapr.AspNetCore.UnitTests\CodeArchitects.Platform.Messaging.Dapr.AspNetCore.UnitTests.csproj", "{4E021C93-CDA5-40C0-AFB9-6CDBD42A063A}"
EndProject
Project("{9A19103F-16F7-4668-BE54-9A1E7A4F7556}") = "CodeArchitects.Platform.Infrastructure.Dapr", "src\Infrastructure.Dapr\CodeArchitects.Platform.Infrastructure.Dapr.csproj", "{B4288C4A-B64B-4983-A5B1-208EEB09FB87}"
EndProject
Project("{9A19103F-16F7-4668-BE54-9A1E7A4F7556}") = "CodeArchitects.Platform.Infrastructure.Dapr.AspNetCore", "src\Infrastructure.Dapr.AspNetCore\CodeArchitects.Platform.Infrastructure.Dapr.AspNetCore.csproj", "{7CCEDDD2-D698-46F2-8D15-7E3F8624E840}"
EndProject
Project("{9A19103F-16F7-4668-BE54-9A1E7A4F7556}") = "CodeArchitects.Platform.Infrastructure.Dapr.UnitTests", "tests\Infrastructure.Dapr.UnitTests\CodeArchitects.Platform.Infrastructure.Dapr.UnitTests.csproj", "{CAB77020-2682-4655-A552-CDC744E8F598}"
EndProject
Project("{9A19103F-16F7-4668-BE54-9A1E7A4F7556}") = "CodeArchitects.Platform.Infrastructure.Dapr.AspNetCore.UnitTests", "tests\Infrastructure.Dapr.AspNetCore.UnitTests\CodeArchitects.Platform.Infrastructure.Dapr.AspNetCore.UnitTests.csproj", "{0BC3B4BE-0629-40B4-BF1B-4287206A233F}"
EndProject
Project("{2150E333-8FDC-42A3-9474-1A3956D46DE8}") = "IntegrationTests", "IntegrationTests", "{AE6B4AEB-0C5A-404B-A5BE-6BAED09F6A3C}"
EndProject
Project("{9A19103F-16F7-4668-BE54-9A1E7A4F7556}") = "CodeArchitects.Platform.Messaging.Dapr.AspNetCore.IntegrationTests", "tests\Messaging.Dapr.AspNetCore.IntegrationTests\CodeArchitects.Platform.Messaging.Dapr.AspNetCore.IntegrationTests.csproj", "{CBAEEDD2-10D0-460E-A23A-A0FDCA755997}"
EndProject
Project("{2150E333-8FDC-42A3-9474-1A3956D46DE8}") = "Messaging.Dapr.AspNetCore", "Messaging.Dapr.AspNetCore", "{805E0015-6D86-4328-A1DD-1B90E346942E}"
EndProject
Project("{9A19103F-16F7-4668-BE54-9A1E7A4F7556}") = "Publisher", "tests\Messaging.Dapr.AspNetCore.IntegrationTests\Publisher\Publisher.csproj", "{564565B4-31CF-4442-8D0E-4066E53B1B76}"
EndProject
Project("{9A19103F-16F7-4668-BE54-9A1E7A4F7556}") = "Subscriber", "tests\Messaging.Dapr.AspNetCore.IntegrationTests\Subscriber\Subscriber.csproj", "{A00A5C5D-9A7B-4AED-8EB7-2A06CAC51EF0}"
EndProject
Project("{9A19103F-16F7-4668-BE54-9A1E7A4F7556}") = "CodeArchitects.Platform.Dapr.AspNetCore.UnitTests", "tests\Dapr.AspNetCore.UnitTests\CodeArchitects.Platform.Dapr.AspNetCore.UnitTests.csproj", "{C46C47AB-4636-4D7B-AC92-F4C12EDC4D1A}"
EndProject
Project("{9A19103F-16F7-4668-BE54-9A1E7A4F7556}") = "CodeArchitects.Platform.Extensions", "src\Extensions\CodeArchitects.Platform.Extensions.csproj", "{F702B26E-4364-4706-8418-5CC69935DC6A}"
EndProject
Project("{2150E333-8FDC-42A3-9474-1A3956D46DE8}") = "Data", "Data", "{9B8AE08D-7A27-45A1-8E11-74E23BC55E2E}"
EndProject
Project("{9A19103F-16F7-4668-BE54-9A1E7A4F7556}") = "CodeArchitects.Platform.Data.AdoNet", "src\Data.AdoNet\CodeArchitects.Platform.Data.AdoNet.csproj", "{BA47AB27-7193-4624-8677-0CCDD3C3A5FB}"
EndProject
Project("{9A19103F-16F7-4668-BE54-9A1E7A4F7556}") = "CodeArchitects.Platform.Data.UnitTests", "tests\Data.UnitTests\CodeArchitects.Platform.Data.UnitTests.csproj", "{7FB7DE2E-2032-4D47-B82C-9D4981CA7F91}"
EndProject
Project("{9A19103F-16F7-4668-BE54-9A1E7A4F7556}") = "CodeArchitects.Platform.Data.AdoNet.UnitTests", "tests\Data.AdoNet.UnitTests\CodeArchitects.Platform.Data.AdoNet.UnitTests.csproj", "{86C64FE7-39AA-44D1-8C6F-6776D9519372}"
EndProject
Project("{9A19103F-16F7-4668-BE54-9A1E7A4F7556}") = "CodeArchitects.Platform.Data.EntityFrameworkCore.UnitTests", "tests\Data.EntityFrameworkCore.UnitTests\CodeArchitects.Platform.Data.EntityFrameworkCore.UnitTests.csproj", "{06CF1C10-5B30-4D71-825A-D8DA85BD964E}"
EndProject
Project("{9A19103F-16F7-4668-BE54-9A1E7A4F7556}") = "CodeArchitects.Platform.Data.EntityFrameworkCore.Shared", "src\Data.EntityFrameworkCore.Shared\CodeArchitects.Platform.Data.EntityFrameworkCore.Shared.csproj", "{FBC2F4B3-5205-4BF3-A54D-48BDD3451B6D}"
EndProject
Project("{9A19103F-16F7-4668-BE54-9A1E7A4F7556}") = "CodeArchitects.Platform.Data.EntityFrameworkCore5", "src\Data.EntityFrameworkCore5\CodeArchitects.Platform.Data.EntityFrameworkCore5.csproj", "{61057D73-38B1-49B7-B0DA-4B18FD908FE5}"
EndProject
Project("{9A19103F-16F7-4668-BE54-9A1E7A4F7556}") = "CodeArchitects.Platform.Data.AutoMapper", "src\Data.AutoMapper\CodeArchitects.Platform.Data.AutoMapper.csproj", "{616A153A-22EF-4202-AB61-F9AD8C8CFE10}"
EndProject
Project("{9A19103F-16F7-4668-BE54-9A1E7A4F7556}") = "CodeArchitects.Platform.Data.EntityFrameworkCore.DependencyInjection", "src\Data.EntityFrameworkCore.DependencyInjection\CodeArchitects.Platform.Data.EntityFrameworkCore.DependencyInjection.csproj", "{02AC03BC-AC6E-4DE1-9F80-62B732CB2EA9}"
EndProject
Project("{9A19103F-16F7-4668-BE54-9A1E7A4F7556}") = "CodeArchitects.Platform.Data.EntityFrameworkCore5.DependencyInjection", "src\Data.EntityFrameworkCore5.DependencyInjection\CodeArchitects.Platform.Data.EntityFrameworkCore5.DependencyInjection.csproj", "{6B35D094-95B3-4D74-B22E-C30FAA79A9DC}"
EndProject
Project("{9A19103F-16F7-4668-BE54-9A1E7A4F7556}") = "CodeArchitects.Platform.Emit", "src\Emit\CodeArchitects.Platform.Emit.csproj", "{10F08603-166A-4E0D-8300-3A084E8B665E}"
EndProject
Project("{2150E333-8FDC-42A3-9474-1A3956D46DE8}") = "FunctionalTests", "FunctionalTests", "{6FFB7182-83ED-44D9-BE34-6D86E215D501}"
EndProject
Project("{9A19103F-16F7-4668-BE54-9A1E7A4F7556}") = "CodeArchitects.Platform.Data.AdoNet.FunctionalTests", "tests\Data.AdoNet.FunctionalTests\CodeArchitects.Platform.Data.AdoNet.FunctionalTests.csproj", "{A1846F73-B388-4941-9E5E-0AC43404DF7F}"
EndProject
Project("{9A19103F-16F7-4668-BE54-9A1E7A4F7556}") = "CodeArchitects.Platform.Data.IntegrationTests", "tests\Data.IntegrationTests\CodeArchitects.Platform.Data.IntegrationTests.csproj", "{BCC9EEA8-4FF6-4D61-B491-E98C88C1FA82}"
EndProject
Project("{9A19103F-16F7-4668-BE54-9A1E7A4F7556}") = "CodeArchitects.Platform.Data.AdoNet.PostgreSQL", "src\Data.AdoNet.PostgreSQL\CodeArchitects.Platform.Data.AdoNet.PostgreSQL.csproj", "{17BAF32D-9BFE-4DE8-8CAC-3F020D0F4076}"
EndProject
Project("{9A19103F-16F7-4668-BE54-9A1E7A4F7556}") = "CodeArchitects.Platform.Data.AdoNet.Oracle", "src\Data.AdoNet.Oracle\CodeArchitects.Platform.Data.AdoNet.Oracle.csproj", "{55B938B6-D096-4FA6-BD81-740E4F88D8B9}"
EndProject
Project("{9A19103F-16F7-4668-BE54-9A1E7A4F7556}") = "CodeArchitects.Platform.Data.EntityFrameworkCore.FunctionalTests", "tests\Data.EntityFrameworkCore.FunctionalTests\CodeArchitects.Platform.Data.EntityFrameworkCore.FunctionalTests.csproj", "{EDF5C2E0-4AA0-407C-9886-44F9F74E9601}"
EndProject
Project("{9A19103F-16F7-4668-BE54-9A1E7A4F7556}") = "CodeArchitects.Platform.Data.AdoNet.DependencyInjection", "src\Data.AdoNet.DependencyInjection\CodeArchitects.Platform.Data.AdoNet.DependencyInjection.csproj", "{27F78E7D-24E9-44D1-93A4-83D46FA7CE5D}"
EndProject
Project("{9A19103F-16F7-4668-BE54-9A1E7A4F7556}") = "CodeArchitects.Platform.Data.AdoNet.SQLServer", "src\Data.AdoNet.SQLServer\CodeArchitects.Platform.Data.AdoNet.SQLServer.csproj", "{2AE9F412-E950-4B20-9068-0D4B9316943A}"
EndProject
Project("{9A19103F-16F7-4668-BE54-9A1E7A4F7556}") = "CodeArchitects.Platform.Actors", "src\Actors\CodeArchitects.Platform.Actors.csproj", "{036FED6B-F4AF-4209-A716-D8D02421504A}"
EndProject
Project("{9A19103F-16F7-4668-BE54-9A1E7A4F7556}") = "CodeArchitects.Platform.Actors.Dapr", "src\Actors.Dapr\CodeArchitects.Platform.Actors.Dapr.csproj", "{050AA14B-2A55-4E38-8B92-F2DB3DC65BA5}"
EndProject
Project("{9A19103F-16F7-4668-BE54-9A1E7A4F7556}") = "CodeArchitects.Platform.Actors.Dapr.AspNetCore", "src\Actors.Dapr.AspNetCore\CodeArchitects.Platform.Actors.Dapr.AspNetCore.csproj", "{821DBD8D-5671-45AB-AD22-FE2365914628}"
EndProject
Project("{9A19103F-16F7-4668-BE54-9A1E7A4F7556}") = "CodeArchitects.Platform.Actors.UnitTests", "tests\Actors.UnitTests\CodeArchitects.Platform.Actors.UnitTests.csproj", "{1C099323-C942-41E5-98DA-C68A29B9F366}"
EndProject
Project("{9A19103F-16F7-4668-BE54-9A1E7A4F7556}") = "CodeArchitects.Platform.Actors.Analyzer", "src\Actors.Analyzer\CodeArchitects.Platform.Actors.Analyzer.csproj", "{0168B4D1-75A8-4DF5-A0A6-1641BF113969}"
EndProject
Project("{9A19103F-16F7-4668-BE54-9A1E7A4F7556}") = "CodeArchitects.Platform.Common.Analyzer", "src\Common.Analyzer\CodeArchitects.Platform.Common.Analyzer.csproj", "{BF60BE18-C808-47CC-8D87-D3266F64363E}"
EndProject
Project("{9A19103F-16F7-4668-BE54-9A1E7A4F7556}") = "CodeArchitects.Platform.Actors.Analyzer.FunctionalTests", "tests\Actors.Analyzer.FunctionalTests\CodeArchitects.Platform.Actors.Analyzer.FunctionalTests.csproj", "{E5A8996A-4FBD-42DB-B3A2-CC8871AD28D3}"
EndProject
Project("{9A19103F-16F7-4668-BE54-9A1E7A4F7556}") = "CodeArchitects.Platform.Common.Analyzer.FunctionalTests", "tests\Common.Analyzer.FunctionalTests\CodeArchitects.Platform.Common.Analyzer.FunctionalTests.csproj", "{66F8FACD-F8D3-4ECA-8894-C578E614A807}"
EndProject
Project("{9A19103F-16F7-4668-BE54-9A1E7A4F7556}") = "CodeArchitects.Platform.Actors.Dapr.UnitTests", "tests\Actors.Dapr.UnitTests\CodeArchitects.Platform.Actors.Dapr.UnitTests.csproj", "{F13DCEC6-C39E-4CFB-89AA-05EF656E455A}"
EndProject
Project("{9A19103F-16F7-4668-BE54-9A1E7A4F7556}") = "CodeArchitects.Platform.Actors.TestModel", "tests\Actors.TestModel\CodeArchitects.Platform.Actors.TestModel.csproj", "{D35F68C7-B743-4F49-A7A4-7C190F91BACA}"
EndProject
Project("{2150E333-8FDC-42A3-9474-1A3956D46DE8}") = "Actors.Dapr.AspNetCore", "Actors.Dapr.AspNetCore", "{8859050C-899A-4330-ADD4-B23A5904FE5D}"
EndProject
Project("{9A19103F-16F7-4668-BE54-9A1E7A4F7556}") = "CodeArchitects.Platform.Actors.Dapr.AspNetCore.IntegrationTests", "tests\Actors.Dapr.AspNetCore.IntegrationTests\CodeArchitects.Platform.Actors.Dapr.AspNetCore.IntegrationTests.csproj", "{6C5C6E7F-65BB-4DC0-9E65-A071C0AB30E9}"
EndProject
Project("{9A19103F-16F7-4668-BE54-9A1E7A4F7556}") = "ActorApp", "tests\Actors.Dapr.AspNetCore.IntegrationTests\ActorApp\ActorApp.csproj", "{CC5F477F-362B-4504-999F-42D3143A76C4}"
EndProject
Project("{9A19103F-16F7-4668-BE54-9A1E7A4F7556}") = "CodeArchitects.Platform.Actors.FunctionalTests", "tests\Actors.FunctionalTests\CodeArchitects.Platform.Actors.FunctionalTests.csproj", "{DC192911-6AB2-412E-AE5C-8922BAD4E8B6}"
EndProject
Global
	GlobalSection(SolutionConfigurationPlatforms) = preSolution
		Debug|Any CPU = Debug|Any CPU
		Release|Any CPU = Release|Any CPU
	EndGlobalSection
	GlobalSection(ProjectConfigurationPlatforms) = postSolution
		{54743C88-11C2-4761-8536-B56218604416}.Debug|Any CPU.ActiveCfg = Debug|Any CPU
		{54743C88-11C2-4761-8536-B56218604416}.Debug|Any CPU.Build.0 = Debug|Any CPU
		{54743C88-11C2-4761-8536-B56218604416}.Release|Any CPU.ActiveCfg = Release|Any CPU
		{54743C88-11C2-4761-8536-B56218604416}.Release|Any CPU.Build.0 = Release|Any CPU
		{9B91B97B-D34F-4B60-9226-0EEAA96E2DDC}.Debug|Any CPU.ActiveCfg = Debug|Any CPU
		{9B91B97B-D34F-4B60-9226-0EEAA96E2DDC}.Debug|Any CPU.Build.0 = Debug|Any CPU
		{9B91B97B-D34F-4B60-9226-0EEAA96E2DDC}.Release|Any CPU.ActiveCfg = Release|Any CPU
		{9B91B97B-D34F-4B60-9226-0EEAA96E2DDC}.Release|Any CPU.Build.0 = Release|Any CPU
		{B85236B3-9869-44A1-90B2-88097EE43A5C}.Debug|Any CPU.ActiveCfg = Debug|Any CPU
		{B85236B3-9869-44A1-90B2-88097EE43A5C}.Debug|Any CPU.Build.0 = Debug|Any CPU
		{B85236B3-9869-44A1-90B2-88097EE43A5C}.Release|Any CPU.ActiveCfg = Release|Any CPU
		{B85236B3-9869-44A1-90B2-88097EE43A5C}.Release|Any CPU.Build.0 = Release|Any CPU
		{C22CC44C-9092-4AB2-9103-1C66E6C3AB38}.Debug|Any CPU.ActiveCfg = Debug|Any CPU
		{C22CC44C-9092-4AB2-9103-1C66E6C3AB38}.Debug|Any CPU.Build.0 = Debug|Any CPU
		{C22CC44C-9092-4AB2-9103-1C66E6C3AB38}.Release|Any CPU.ActiveCfg = Release|Any CPU
		{C22CC44C-9092-4AB2-9103-1C66E6C3AB38}.Release|Any CPU.Build.0 = Release|Any CPU
		{63326C5E-B857-4D2C-BA60-46151F434AA0}.Debug|Any CPU.ActiveCfg = Debug|Any CPU
		{63326C5E-B857-4D2C-BA60-46151F434AA0}.Debug|Any CPU.Build.0 = Debug|Any CPU
		{63326C5E-B857-4D2C-BA60-46151F434AA0}.Release|Any CPU.ActiveCfg = Release|Any CPU
		{63326C5E-B857-4D2C-BA60-46151F434AA0}.Release|Any CPU.Build.0 = Release|Any CPU
		{D41F7716-18DF-47DF-82AF-8A5CF4613408}.Debug|Any CPU.ActiveCfg = Debug|Any CPU
		{D41F7716-18DF-47DF-82AF-8A5CF4613408}.Debug|Any CPU.Build.0 = Debug|Any CPU
		{D41F7716-18DF-47DF-82AF-8A5CF4613408}.Release|Any CPU.ActiveCfg = Release|Any CPU
		{D41F7716-18DF-47DF-82AF-8A5CF4613408}.Release|Any CPU.Build.0 = Release|Any CPU
		{521269E7-1BCB-41AD-8307-FC72BC4792F2}.Debug|Any CPU.ActiveCfg = Debug|Any CPU
		{521269E7-1BCB-41AD-8307-FC72BC4792F2}.Debug|Any CPU.Build.0 = Debug|Any CPU
		{521269E7-1BCB-41AD-8307-FC72BC4792F2}.Release|Any CPU.ActiveCfg = Release|Any CPU
		{521269E7-1BCB-41AD-8307-FC72BC4792F2}.Release|Any CPU.Build.0 = Release|Any CPU
		{6778695A-66DB-4AF3-984C-89AA1F70C5D5}.Debug|Any CPU.ActiveCfg = Debug|Any CPU
		{6778695A-66DB-4AF3-984C-89AA1F70C5D5}.Debug|Any CPU.Build.0 = Debug|Any CPU
		{6778695A-66DB-4AF3-984C-89AA1F70C5D5}.Release|Any CPU.ActiveCfg = Release|Any CPU
		{6778695A-66DB-4AF3-984C-89AA1F70C5D5}.Release|Any CPU.Build.0 = Release|Any CPU
		{2E3C34D8-D7C7-41C4-A9C5-0D38F9798878}.Debug|Any CPU.ActiveCfg = Debug|Any CPU
		{2E3C34D8-D7C7-41C4-A9C5-0D38F9798878}.Debug|Any CPU.Build.0 = Debug|Any CPU
		{2E3C34D8-D7C7-41C4-A9C5-0D38F9798878}.Release|Any CPU.ActiveCfg = Release|Any CPU
		{2E3C34D8-D7C7-41C4-A9C5-0D38F9798878}.Release|Any CPU.Build.0 = Release|Any CPU
		{C442D08B-B968-4DB1-9399-32F0B2D3B107}.Debug|Any CPU.ActiveCfg = Debug|Any CPU
		{C442D08B-B968-4DB1-9399-32F0B2D3B107}.Debug|Any CPU.Build.0 = Debug|Any CPU
		{C442D08B-B968-4DB1-9399-32F0B2D3B107}.Release|Any CPU.ActiveCfg = Release|Any CPU
		{C442D08B-B968-4DB1-9399-32F0B2D3B107}.Release|Any CPU.Build.0 = Release|Any CPU
		{03E4EF17-FD2C-4D91-99A1-6FB8FC5F52BC}.Debug|Any CPU.ActiveCfg = Debug|Any CPU
		{03E4EF17-FD2C-4D91-99A1-6FB8FC5F52BC}.Debug|Any CPU.Build.0 = Debug|Any CPU
		{03E4EF17-FD2C-4D91-99A1-6FB8FC5F52BC}.Release|Any CPU.ActiveCfg = Release|Any CPU
		{03E4EF17-FD2C-4D91-99A1-6FB8FC5F52BC}.Release|Any CPU.Build.0 = Release|Any CPU
		{82BFC8E6-5642-40ED-B55E-FB3FB13D5C54}.Debug|Any CPU.ActiveCfg = Debug|Any CPU
		{82BFC8E6-5642-40ED-B55E-FB3FB13D5C54}.Debug|Any CPU.Build.0 = Debug|Any CPU
		{82BFC8E6-5642-40ED-B55E-FB3FB13D5C54}.Release|Any CPU.ActiveCfg = Release|Any CPU
		{82BFC8E6-5642-40ED-B55E-FB3FB13D5C54}.Release|Any CPU.Build.0 = Release|Any CPU
		{D507A572-3A15-4476-BA59-181B268D2614}.Debug|Any CPU.ActiveCfg = Debug|Any CPU
		{D507A572-3A15-4476-BA59-181B268D2614}.Debug|Any CPU.Build.0 = Debug|Any CPU
		{D507A572-3A15-4476-BA59-181B268D2614}.Release|Any CPU.ActiveCfg = Release|Any CPU
		{D507A572-3A15-4476-BA59-181B268D2614}.Release|Any CPU.Build.0 = Release|Any CPU
		{77BF8CFC-E0AC-44A0-81B5-DEA429794283}.Debug|Any CPU.ActiveCfg = Debug|Any CPU
		{77BF8CFC-E0AC-44A0-81B5-DEA429794283}.Debug|Any CPU.Build.0 = Debug|Any CPU
		{77BF8CFC-E0AC-44A0-81B5-DEA429794283}.Release|Any CPU.ActiveCfg = Release|Any CPU
		{77BF8CFC-E0AC-44A0-81B5-DEA429794283}.Release|Any CPU.Build.0 = Release|Any CPU
		{98749229-6110-439D-A07B-CCDEFCB5D0BC}.Debug|Any CPU.ActiveCfg = Debug|Any CPU
		{98749229-6110-439D-A07B-CCDEFCB5D0BC}.Debug|Any CPU.Build.0 = Debug|Any CPU
		{98749229-6110-439D-A07B-CCDEFCB5D0BC}.Release|Any CPU.ActiveCfg = Release|Any CPU
		{98749229-6110-439D-A07B-CCDEFCB5D0BC}.Release|Any CPU.Build.0 = Release|Any CPU
		{4E021C93-CDA5-40C0-AFB9-6CDBD42A063A}.Debug|Any CPU.ActiveCfg = Debug|Any CPU
		{4E021C93-CDA5-40C0-AFB9-6CDBD42A063A}.Debug|Any CPU.Build.0 = Debug|Any CPU
		{4E021C93-CDA5-40C0-AFB9-6CDBD42A063A}.Release|Any CPU.ActiveCfg = Release|Any CPU
		{4E021C93-CDA5-40C0-AFB9-6CDBD42A063A}.Release|Any CPU.Build.0 = Release|Any CPU
		{B4288C4A-B64B-4983-A5B1-208EEB09FB87}.Debug|Any CPU.ActiveCfg = Debug|Any CPU
		{B4288C4A-B64B-4983-A5B1-208EEB09FB87}.Debug|Any CPU.Build.0 = Debug|Any CPU
		{B4288C4A-B64B-4983-A5B1-208EEB09FB87}.Release|Any CPU.ActiveCfg = Release|Any CPU
		{B4288C4A-B64B-4983-A5B1-208EEB09FB87}.Release|Any CPU.Build.0 = Release|Any CPU
		{7CCEDDD2-D698-46F2-8D15-7E3F8624E840}.Debug|Any CPU.ActiveCfg = Debug|Any CPU
		{7CCEDDD2-D698-46F2-8D15-7E3F8624E840}.Debug|Any CPU.Build.0 = Debug|Any CPU
		{7CCEDDD2-D698-46F2-8D15-7E3F8624E840}.Release|Any CPU.ActiveCfg = Release|Any CPU
		{7CCEDDD2-D698-46F2-8D15-7E3F8624E840}.Release|Any CPU.Build.0 = Release|Any CPU
		{CAB77020-2682-4655-A552-CDC744E8F598}.Debug|Any CPU.ActiveCfg = Debug|Any CPU
		{CAB77020-2682-4655-A552-CDC744E8F598}.Debug|Any CPU.Build.0 = Debug|Any CPU
		{CAB77020-2682-4655-A552-CDC744E8F598}.Release|Any CPU.ActiveCfg = Release|Any CPU
		{CAB77020-2682-4655-A552-CDC744E8F598}.Release|Any CPU.Build.0 = Release|Any CPU
		{0BC3B4BE-0629-40B4-BF1B-4287206A233F}.Debug|Any CPU.ActiveCfg = Debug|Any CPU
		{0BC3B4BE-0629-40B4-BF1B-4287206A233F}.Debug|Any CPU.Build.0 = Debug|Any CPU
		{0BC3B4BE-0629-40B4-BF1B-4287206A233F}.Release|Any CPU.ActiveCfg = Release|Any CPU
		{0BC3B4BE-0629-40B4-BF1B-4287206A233F}.Release|Any CPU.Build.0 = Release|Any CPU
		{CBAEEDD2-10D0-460E-A23A-A0FDCA755997}.Debug|Any CPU.ActiveCfg = Debug|Any CPU
		{CBAEEDD2-10D0-460E-A23A-A0FDCA755997}.Debug|Any CPU.Build.0 = Debug|Any CPU
		{CBAEEDD2-10D0-460E-A23A-A0FDCA755997}.Release|Any CPU.ActiveCfg = Release|Any CPU
		{CBAEEDD2-10D0-460E-A23A-A0FDCA755997}.Release|Any CPU.Build.0 = Release|Any CPU
		{564565B4-31CF-4442-8D0E-4066E53B1B76}.Debug|Any CPU.ActiveCfg = Debug|Any CPU
		{564565B4-31CF-4442-8D0E-4066E53B1B76}.Debug|Any CPU.Build.0 = Debug|Any CPU
		{564565B4-31CF-4442-8D0E-4066E53B1B76}.Release|Any CPU.ActiveCfg = Release|Any CPU
		{564565B4-31CF-4442-8D0E-4066E53B1B76}.Release|Any CPU.Build.0 = Release|Any CPU
		{A00A5C5D-9A7B-4AED-8EB7-2A06CAC51EF0}.Debug|Any CPU.ActiveCfg = Debug|Any CPU
		{A00A5C5D-9A7B-4AED-8EB7-2A06CAC51EF0}.Debug|Any CPU.Build.0 = Debug|Any CPU
		{A00A5C5D-9A7B-4AED-8EB7-2A06CAC51EF0}.Release|Any CPU.ActiveCfg = Release|Any CPU
		{A00A5C5D-9A7B-4AED-8EB7-2A06CAC51EF0}.Release|Any CPU.Build.0 = Release|Any CPU
		{C46C47AB-4636-4D7B-AC92-F4C12EDC4D1A}.Debug|Any CPU.ActiveCfg = Debug|Any CPU
		{C46C47AB-4636-4D7B-AC92-F4C12EDC4D1A}.Debug|Any CPU.Build.0 = Debug|Any CPU
		{C46C47AB-4636-4D7B-AC92-F4C12EDC4D1A}.Release|Any CPU.ActiveCfg = Release|Any CPU
		{C46C47AB-4636-4D7B-AC92-F4C12EDC4D1A}.Release|Any CPU.Build.0 = Release|Any CPU
		{F702B26E-4364-4706-8418-5CC69935DC6A}.Debug|Any CPU.ActiveCfg = Debug|Any CPU
		{F702B26E-4364-4706-8418-5CC69935DC6A}.Debug|Any CPU.Build.0 = Debug|Any CPU
		{F702B26E-4364-4706-8418-5CC69935DC6A}.Release|Any CPU.ActiveCfg = Release|Any CPU
		{F702B26E-4364-4706-8418-5CC69935DC6A}.Release|Any CPU.Build.0 = Release|Any CPU
		{BA47AB27-7193-4624-8677-0CCDD3C3A5FB}.Debug|Any CPU.ActiveCfg = Debug|Any CPU
		{BA47AB27-7193-4624-8677-0CCDD3C3A5FB}.Debug|Any CPU.Build.0 = Debug|Any CPU
		{BA47AB27-7193-4624-8677-0CCDD3C3A5FB}.Release|Any CPU.ActiveCfg = Release|Any CPU
		{BA47AB27-7193-4624-8677-0CCDD3C3A5FB}.Release|Any CPU.Build.0 = Release|Any CPU
		{7FB7DE2E-2032-4D47-B82C-9D4981CA7F91}.Debug|Any CPU.ActiveCfg = Debug|Any CPU
		{7FB7DE2E-2032-4D47-B82C-9D4981CA7F91}.Debug|Any CPU.Build.0 = Debug|Any CPU
		{7FB7DE2E-2032-4D47-B82C-9D4981CA7F91}.Release|Any CPU.ActiveCfg = Release|Any CPU
		{7FB7DE2E-2032-4D47-B82C-9D4981CA7F91}.Release|Any CPU.Build.0 = Release|Any CPU
		{86C64FE7-39AA-44D1-8C6F-6776D9519372}.Debug|Any CPU.ActiveCfg = Debug|Any CPU
		{86C64FE7-39AA-44D1-8C6F-6776D9519372}.Debug|Any CPU.Build.0 = Debug|Any CPU
		{86C64FE7-39AA-44D1-8C6F-6776D9519372}.Release|Any CPU.ActiveCfg = Release|Any CPU
		{86C64FE7-39AA-44D1-8C6F-6776D9519372}.Release|Any CPU.Build.0 = Release|Any CPU
		{06CF1C10-5B30-4D71-825A-D8DA85BD964E}.Debug|Any CPU.ActiveCfg = Debug|Any CPU
		{06CF1C10-5B30-4D71-825A-D8DA85BD964E}.Debug|Any CPU.Build.0 = Debug|Any CPU
		{06CF1C10-5B30-4D71-825A-D8DA85BD964E}.Release|Any CPU.ActiveCfg = Release|Any CPU
		{06CF1C10-5B30-4D71-825A-D8DA85BD964E}.Release|Any CPU.Build.0 = Release|Any CPU
		{FBC2F4B3-5205-4BF3-A54D-48BDD3451B6D}.Debug|Any CPU.ActiveCfg = Debug|Any CPU
		{FBC2F4B3-5205-4BF3-A54D-48BDD3451B6D}.Debug|Any CPU.Build.0 = Debug|Any CPU
		{FBC2F4B3-5205-4BF3-A54D-48BDD3451B6D}.Release|Any CPU.ActiveCfg = Release|Any CPU
		{FBC2F4B3-5205-4BF3-A54D-48BDD3451B6D}.Release|Any CPU.Build.0 = Release|Any CPU
		{61057D73-38B1-49B7-B0DA-4B18FD908FE5}.Debug|Any CPU.ActiveCfg = Debug|Any CPU
		{61057D73-38B1-49B7-B0DA-4B18FD908FE5}.Debug|Any CPU.Build.0 = Debug|Any CPU
		{61057D73-38B1-49B7-B0DA-4B18FD908FE5}.Release|Any CPU.ActiveCfg = Release|Any CPU
		{61057D73-38B1-49B7-B0DA-4B18FD908FE5}.Release|Any CPU.Build.0 = Release|Any CPU
		{616A153A-22EF-4202-AB61-F9AD8C8CFE10}.Debug|Any CPU.ActiveCfg = Debug|Any CPU
		{616A153A-22EF-4202-AB61-F9AD8C8CFE10}.Debug|Any CPU.Build.0 = Debug|Any CPU
		{616A153A-22EF-4202-AB61-F9AD8C8CFE10}.Release|Any CPU.ActiveCfg = Release|Any CPU
		{616A153A-22EF-4202-AB61-F9AD8C8CFE10}.Release|Any CPU.Build.0 = Release|Any CPU
		{02AC03BC-AC6E-4DE1-9F80-62B732CB2EA9}.Debug|Any CPU.ActiveCfg = Debug|Any CPU
		{02AC03BC-AC6E-4DE1-9F80-62B732CB2EA9}.Debug|Any CPU.Build.0 = Debug|Any CPU
		{02AC03BC-AC6E-4DE1-9F80-62B732CB2EA9}.Release|Any CPU.ActiveCfg = Release|Any CPU
		{02AC03BC-AC6E-4DE1-9F80-62B732CB2EA9}.Release|Any CPU.Build.0 = Release|Any CPU
		{6B35D094-95B3-4D74-B22E-C30FAA79A9DC}.Debug|Any CPU.ActiveCfg = Debug|Any CPU
		{6B35D094-95B3-4D74-B22E-C30FAA79A9DC}.Debug|Any CPU.Build.0 = Debug|Any CPU
		{6B35D094-95B3-4D74-B22E-C30FAA79A9DC}.Release|Any CPU.ActiveCfg = Release|Any CPU
		{6B35D094-95B3-4D74-B22E-C30FAA79A9DC}.Release|Any CPU.Build.0 = Release|Any CPU
		{10F08603-166A-4E0D-8300-3A084E8B665E}.Debug|Any CPU.ActiveCfg = Debug|Any CPU
		{10F08603-166A-4E0D-8300-3A084E8B665E}.Debug|Any CPU.Build.0 = Debug|Any CPU
		{10F08603-166A-4E0D-8300-3A084E8B665E}.Release|Any CPU.ActiveCfg = Release|Any CPU
		{10F08603-166A-4E0D-8300-3A084E8B665E}.Release|Any CPU.Build.0 = Release|Any CPU
		{A1846F73-B388-4941-9E5E-0AC43404DF7F}.Debug|Any CPU.ActiveCfg = Debug|Any CPU
		{A1846F73-B388-4941-9E5E-0AC43404DF7F}.Debug|Any CPU.Build.0 = Debug|Any CPU
		{A1846F73-B388-4941-9E5E-0AC43404DF7F}.Release|Any CPU.ActiveCfg = Release|Any CPU
		{A1846F73-B388-4941-9E5E-0AC43404DF7F}.Release|Any CPU.Build.0 = Release|Any CPU
		{BCC9EEA8-4FF6-4D61-B491-E98C88C1FA82}.Debug|Any CPU.ActiveCfg = Debug|Any CPU
		{BCC9EEA8-4FF6-4D61-B491-E98C88C1FA82}.Debug|Any CPU.Build.0 = Debug|Any CPU
		{BCC9EEA8-4FF6-4D61-B491-E98C88C1FA82}.Release|Any CPU.ActiveCfg = Release|Any CPU
		{BCC9EEA8-4FF6-4D61-B491-E98C88C1FA82}.Release|Any CPU.Build.0 = Release|Any CPU
		{17BAF32D-9BFE-4DE8-8CAC-3F020D0F4076}.Debug|Any CPU.ActiveCfg = Debug|Any CPU
		{17BAF32D-9BFE-4DE8-8CAC-3F020D0F4076}.Debug|Any CPU.Build.0 = Debug|Any CPU
		{17BAF32D-9BFE-4DE8-8CAC-3F020D0F4076}.Release|Any CPU.ActiveCfg = Release|Any CPU
		{17BAF32D-9BFE-4DE8-8CAC-3F020D0F4076}.Release|Any CPU.Build.0 = Release|Any CPU
		{55B938B6-D096-4FA6-BD81-740E4F88D8B9}.Debug|Any CPU.ActiveCfg = Debug|Any CPU
		{55B938B6-D096-4FA6-BD81-740E4F88D8B9}.Debug|Any CPU.Build.0 = Debug|Any CPU
		{55B938B6-D096-4FA6-BD81-740E4F88D8B9}.Release|Any CPU.ActiveCfg = Release|Any CPU
		{55B938B6-D096-4FA6-BD81-740E4F88D8B9}.Release|Any CPU.Build.0 = Release|Any CPU
		{EDF5C2E0-4AA0-407C-9886-44F9F74E9601}.Debug|Any CPU.ActiveCfg = Debug|Any CPU
		{EDF5C2E0-4AA0-407C-9886-44F9F74E9601}.Debug|Any CPU.Build.0 = Debug|Any CPU
		{EDF5C2E0-4AA0-407C-9886-44F9F74E9601}.Release|Any CPU.ActiveCfg = Release|Any CPU
		{EDF5C2E0-4AA0-407C-9886-44F9F74E9601}.Release|Any CPU.Build.0 = Release|Any CPU
		{27F78E7D-24E9-44D1-93A4-83D46FA7CE5D}.Debug|Any CPU.ActiveCfg = Debug|Any CPU
		{27F78E7D-24E9-44D1-93A4-83D46FA7CE5D}.Debug|Any CPU.Build.0 = Debug|Any CPU
		{27F78E7D-24E9-44D1-93A4-83D46FA7CE5D}.Release|Any CPU.ActiveCfg = Release|Any CPU
		{27F78E7D-24E9-44D1-93A4-83D46FA7CE5D}.Release|Any CPU.Build.0 = Release|Any CPU
		{2AE9F412-E950-4B20-9068-0D4B9316943A}.Debug|Any CPU.ActiveCfg = Debug|Any CPU
		{2AE9F412-E950-4B20-9068-0D4B9316943A}.Debug|Any CPU.Build.0 = Debug|Any CPU
		{2AE9F412-E950-4B20-9068-0D4B9316943A}.Release|Any CPU.ActiveCfg = Release|Any CPU
		{2AE9F412-E950-4B20-9068-0D4B9316943A}.Release|Any CPU.Build.0 = Release|Any CPU
		{036FED6B-F4AF-4209-A716-D8D02421504A}.Debug|Any CPU.ActiveCfg = Debug|Any CPU
		{036FED6B-F4AF-4209-A716-D8D02421504A}.Debug|Any CPU.Build.0 = Debug|Any CPU
		{036FED6B-F4AF-4209-A716-D8D02421504A}.Release|Any CPU.ActiveCfg = Release|Any CPU
		{036FED6B-F4AF-4209-A716-D8D02421504A}.Release|Any CPU.Build.0 = Release|Any CPU
		{050AA14B-2A55-4E38-8B92-F2DB3DC65BA5}.Debug|Any CPU.ActiveCfg = Debug|Any CPU
		{050AA14B-2A55-4E38-8B92-F2DB3DC65BA5}.Debug|Any CPU.Build.0 = Debug|Any CPU
		{050AA14B-2A55-4E38-8B92-F2DB3DC65BA5}.Release|Any CPU.ActiveCfg = Release|Any CPU
		{050AA14B-2A55-4E38-8B92-F2DB3DC65BA5}.Release|Any CPU.Build.0 = Release|Any CPU
		{821DBD8D-5671-45AB-AD22-FE2365914628}.Debug|Any CPU.ActiveCfg = Debug|Any CPU
		{821DBD8D-5671-45AB-AD22-FE2365914628}.Debug|Any CPU.Build.0 = Debug|Any CPU
		{821DBD8D-5671-45AB-AD22-FE2365914628}.Release|Any CPU.ActiveCfg = Release|Any CPU
		{821DBD8D-5671-45AB-AD22-FE2365914628}.Release|Any CPU.Build.0 = Release|Any CPU
		{1C099323-C942-41E5-98DA-C68A29B9F366}.Debug|Any CPU.ActiveCfg = Debug|Any CPU
		{1C099323-C942-41E5-98DA-C68A29B9F366}.Debug|Any CPU.Build.0 = Debug|Any CPU
		{1C099323-C942-41E5-98DA-C68A29B9F366}.Release|Any CPU.ActiveCfg = Release|Any CPU
		{1C099323-C942-41E5-98DA-C68A29B9F366}.Release|Any CPU.Build.0 = Release|Any CPU
		{0168B4D1-75A8-4DF5-A0A6-1641BF113969}.Debug|Any CPU.ActiveCfg = Debug|Any CPU
		{0168B4D1-75A8-4DF5-A0A6-1641BF113969}.Debug|Any CPU.Build.0 = Debug|Any CPU
		{0168B4D1-75A8-4DF5-A0A6-1641BF113969}.Release|Any CPU.ActiveCfg = Release|Any CPU
		{0168B4D1-75A8-4DF5-A0A6-1641BF113969}.Release|Any CPU.Build.0 = Release|Any CPU
		{BF60BE18-C808-47CC-8D87-D3266F64363E}.Debug|Any CPU.ActiveCfg = Debug|Any CPU
		{BF60BE18-C808-47CC-8D87-D3266F64363E}.Debug|Any CPU.Build.0 = Debug|Any CPU
		{BF60BE18-C808-47CC-8D87-D3266F64363E}.Release|Any CPU.ActiveCfg = Release|Any CPU
		{BF60BE18-C808-47CC-8D87-D3266F64363E}.Release|Any CPU.Build.0 = Release|Any CPU
		{E5A8996A-4FBD-42DB-B3A2-CC8871AD28D3}.Debug|Any CPU.ActiveCfg = Debug|Any CPU
		{E5A8996A-4FBD-42DB-B3A2-CC8871AD28D3}.Debug|Any CPU.Build.0 = Debug|Any CPU
		{E5A8996A-4FBD-42DB-B3A2-CC8871AD28D3}.Release|Any CPU.ActiveCfg = Release|Any CPU
		{E5A8996A-4FBD-42DB-B3A2-CC8871AD28D3}.Release|Any CPU.Build.0 = Release|Any CPU
		{66F8FACD-F8D3-4ECA-8894-C578E614A807}.Debug|Any CPU.ActiveCfg = Debug|Any CPU
		{66F8FACD-F8D3-4ECA-8894-C578E614A807}.Debug|Any CPU.Build.0 = Debug|Any CPU
		{66F8FACD-F8D3-4ECA-8894-C578E614A807}.Release|Any CPU.ActiveCfg = Release|Any CPU
		{66F8FACD-F8D3-4ECA-8894-C578E614A807}.Release|Any CPU.Build.0 = Release|Any CPU
		{F13DCEC6-C39E-4CFB-89AA-05EF656E455A}.Debug|Any CPU.ActiveCfg = Debug|Any CPU
		{F13DCEC6-C39E-4CFB-89AA-05EF656E455A}.Debug|Any CPU.Build.0 = Debug|Any CPU
		{F13DCEC6-C39E-4CFB-89AA-05EF656E455A}.Release|Any CPU.ActiveCfg = Release|Any CPU
		{F13DCEC6-C39E-4CFB-89AA-05EF656E455A}.Release|Any CPU.Build.0 = Release|Any CPU
		{D35F68C7-B743-4F49-A7A4-7C190F91BACA}.Debug|Any CPU.ActiveCfg = Debug|Any CPU
		{D35F68C7-B743-4F49-A7A4-7C190F91BACA}.Debug|Any CPU.Build.0 = Debug|Any CPU
		{D35F68C7-B743-4F49-A7A4-7C190F91BACA}.Release|Any CPU.ActiveCfg = Release|Any CPU
		{D35F68C7-B743-4F49-A7A4-7C190F91BACA}.Release|Any CPU.Build.0 = Release|Any CPU
		{6C5C6E7F-65BB-4DC0-9E65-A071C0AB30E9}.Debug|Any CPU.ActiveCfg = Debug|Any CPU
		{6C5C6E7F-65BB-4DC0-9E65-A071C0AB30E9}.Debug|Any CPU.Build.0 = Debug|Any CPU
		{6C5C6E7F-65BB-4DC0-9E65-A071C0AB30E9}.Release|Any CPU.ActiveCfg = Release|Any CPU
		{6C5C6E7F-65BB-4DC0-9E65-A071C0AB30E9}.Release|Any CPU.Build.0 = Release|Any CPU
		{CC5F477F-362B-4504-999F-42D3143A76C4}.Debug|Any CPU.ActiveCfg = Debug|Any CPU
		{CC5F477F-362B-4504-999F-42D3143A76C4}.Debug|Any CPU.Build.0 = Debug|Any CPU
		{CC5F477F-362B-4504-999F-42D3143A76C4}.Release|Any CPU.ActiveCfg = Release|Any CPU
		{CC5F477F-362B-4504-999F-42D3143A76C4}.Release|Any CPU.Build.0 = Release|Any CPU
		{DC192911-6AB2-412E-AE5C-8922BAD4E8B6}.Debug|Any CPU.ActiveCfg = Debug|Any CPU
		{DC192911-6AB2-412E-AE5C-8922BAD4E8B6}.Debug|Any CPU.Build.0 = Debug|Any CPU
		{DC192911-6AB2-412E-AE5C-8922BAD4E8B6}.Release|Any CPU.ActiveCfg = Release|Any CPU
		{DC192911-6AB2-412E-AE5C-8922BAD4E8B6}.Release|Any CPU.Build.0 = Release|Any CPU
	EndGlobalSection
	GlobalSection(SolutionProperties) = preSolution
		HideSolutionNode = FALSE
	EndGlobalSection
	GlobalSection(NestedProjects) = preSolution
		{B85236B3-9869-44A1-90B2-88097EE43A5C} = {2221E47A-0474-48FC-8840-E8E6CDAED427}
		{C22CC44C-9092-4AB2-9103-1C66E6C3AB38} = {9B8AE08D-7A27-45A1-8E11-74E23BC55E2E}
		{63326C5E-B857-4D2C-BA60-46151F434AA0} = {9B8AE08D-7A27-45A1-8E11-74E23BC55E2E}
		{521269E7-1BCB-41AD-8307-FC72BC4792F2} = {2221E47A-0474-48FC-8840-E8E6CDAED427}
		{6778695A-66DB-4AF3-984C-89AA1F70C5D5} = {279511E3-104D-4A68-BCE7-F9E97414ECDD}
		{C442D08B-B968-4DB1-9399-32F0B2D3B107} = {279511E3-104D-4A68-BCE7-F9E97414ECDD}
		{03E4EF17-FD2C-4D91-99A1-6FB8FC5F52BC} = {279511E3-104D-4A68-BCE7-F9E97414ECDD}
		{82BFC8E6-5642-40ED-B55E-FB3FB13D5C54} = {2221E47A-0474-48FC-8840-E8E6CDAED427}
		{77BF8CFC-E0AC-44A0-81B5-DEA429794283} = {2221E47A-0474-48FC-8840-E8E6CDAED427}
		{98749229-6110-439D-A07B-CCDEFCB5D0BC} = {2221E47A-0474-48FC-8840-E8E6CDAED427}
		{4E021C93-CDA5-40C0-AFB9-6CDBD42A063A} = {2221E47A-0474-48FC-8840-E8E6CDAED427}
		{B4288C4A-B64B-4983-A5B1-208EEB09FB87} = {279511E3-104D-4A68-BCE7-F9E97414ECDD}
		{7CCEDDD2-D698-46F2-8D15-7E3F8624E840} = {279511E3-104D-4A68-BCE7-F9E97414ECDD}
		{CAB77020-2682-4655-A552-CDC744E8F598} = {2221E47A-0474-48FC-8840-E8E6CDAED427}
		{0BC3B4BE-0629-40B4-BF1B-4287206A233F} = {2221E47A-0474-48FC-8840-E8E6CDAED427}
		{CBAEEDD2-10D0-460E-A23A-A0FDCA755997} = {805E0015-6D86-4328-A1DD-1B90E346942E}
		{805E0015-6D86-4328-A1DD-1B90E346942E} = {AE6B4AEB-0C5A-404B-A5BE-6BAED09F6A3C}
		{564565B4-31CF-4442-8D0E-4066E53B1B76} = {805E0015-6D86-4328-A1DD-1B90E346942E}
		{A00A5C5D-9A7B-4AED-8EB7-2A06CAC51EF0} = {805E0015-6D86-4328-A1DD-1B90E346942E}
		{C46C47AB-4636-4D7B-AC92-F4C12EDC4D1A} = {2221E47A-0474-48FC-8840-E8E6CDAED427}
		{BA47AB27-7193-4624-8677-0CCDD3C3A5FB} = {9B8AE08D-7A27-45A1-8E11-74E23BC55E2E}
		{7FB7DE2E-2032-4D47-B82C-9D4981CA7F91} = {2221E47A-0474-48FC-8840-E8E6CDAED427}
		{86C64FE7-39AA-44D1-8C6F-6776D9519372} = {2221E47A-0474-48FC-8840-E8E6CDAED427}
		{06CF1C10-5B30-4D71-825A-D8DA85BD964E} = {2221E47A-0474-48FC-8840-E8E6CDAED427}
		{FBC2F4B3-5205-4BF3-A54D-48BDD3451B6D} = {9B8AE08D-7A27-45A1-8E11-74E23BC55E2E}
		{61057D73-38B1-49B7-B0DA-4B18FD908FE5} = {9B8AE08D-7A27-45A1-8E11-74E23BC55E2E}
		{616A153A-22EF-4202-AB61-F9AD8C8CFE10} = {9B8AE08D-7A27-45A1-8E11-74E23BC55E2E}
		{02AC03BC-AC6E-4DE1-9F80-62B732CB2EA9} = {9B8AE08D-7A27-45A1-8E11-74E23BC55E2E}
		{6B35D094-95B3-4D74-B22E-C30FAA79A9DC} = {9B8AE08D-7A27-45A1-8E11-74E23BC55E2E}
		{A1846F73-B388-4941-9E5E-0AC43404DF7F} = {6FFB7182-83ED-44D9-BE34-6D86E215D501}
		{BCC9EEA8-4FF6-4D61-B491-E98C88C1FA82} = {AE6B4AEB-0C5A-404B-A5BE-6BAED09F6A3C}
		{17BAF32D-9BFE-4DE8-8CAC-3F020D0F4076} = {9B8AE08D-7A27-45A1-8E11-74E23BC55E2E}
		{55B938B6-D096-4FA6-BD81-740E4F88D8B9} = {9B8AE08D-7A27-45A1-8E11-74E23BC55E2E}
		{EDF5C2E0-4AA0-407C-9886-44F9F74E9601} = {6FFB7182-83ED-44D9-BE34-6D86E215D501}
		{27F78E7D-24E9-44D1-93A4-83D46FA7CE5D} = {9B8AE08D-7A27-45A1-8E11-74E23BC55E2E}
		{2AE9F412-E950-4B20-9068-0D4B9316943A} = {9B8AE08D-7A27-45A1-8E11-74E23BC55E2E}
		{050AA14B-2A55-4E38-8B92-F2DB3DC65BA5} = {279511E3-104D-4A68-BCE7-F9E97414ECDD}
		{821DBD8D-5671-45AB-AD22-FE2365914628} = {279511E3-104D-4A68-BCE7-F9E97414ECDD}
		{1C099323-C942-41E5-98DA-C68A29B9F366} = {2221E47A-0474-48FC-8840-E8E6CDAED427}
		{0168B4D1-75A8-4DF5-A0A6-1641BF113969} = {646C726C-D374-4213-B169-EB07E0130DEF}
		{BF60BE18-C808-47CC-8D87-D3266F64363E} = {646C726C-D374-4213-B169-EB07E0130DEF}
		{E5A8996A-4FBD-42DB-B3A2-CC8871AD28D3} = {6FFB7182-83ED-44D9-BE34-6D86E215D501}
		{66F8FACD-F8D3-4ECA-8894-C578E614A807} = {6FFB7182-83ED-44D9-BE34-6D86E215D501}
		{F13DCEC6-C39E-4CFB-89AA-05EF656E455A} = {2221E47A-0474-48FC-8840-E8E6CDAED427}
		{D35F68C7-B743-4F49-A7A4-7C190F91BACA} = {2221E47A-0474-48FC-8840-E8E6CDAED427}
		{8859050C-899A-4330-ADD4-B23A5904FE5D} = {AE6B4AEB-0C5A-404B-A5BE-6BAED09F6A3C}
		{6C5C6E7F-65BB-4DC0-9E65-A071C0AB30E9} = {8859050C-899A-4330-ADD4-B23A5904FE5D}
		{CC5F477F-362B-4504-999F-42D3143A76C4} = {8859050C-899A-4330-ADD4-B23A5904FE5D}
		{DC192911-6AB2-412E-AE5C-8922BAD4E8B6} = {6FFB7182-83ED-44D9-BE34-6D86E215D501}
	EndGlobalSection
	GlobalSection(ExtensibilityGlobals) = postSolution
		SolutionGuid = {6E0758CD-5D42-4CAC-B572-B98177958052}
	EndGlobalSection
EndGlobal
