
Microsoft Visual Studio Solution File, Format Version 12.00
# Visual Studio Version 17
VisualStudioVersion = 17.0.31903.59
MinimumVisualStudioVersion = 10.0.40219.1
Project("{9A19103F-16F7-4668-BE54-9A1E7A4F7556}") = "CodeArchitects.Platform.Infrastructure", "src\Infrastructure\CodeArchitects.Platform.Infrastructure.csproj", "{54743C88-11C2-4761-8536-B56218604416}"
EndProject
Project("{2150E333-8FDC-42A3-9474-1A3956D46DE8}") = "Tests", "Tests", "{2221E47A-0474-48FC-8840-E8E6CDAED427}"
EndProject
Project("{9A19103F-16F7-4668-BE54-9A1E7A4F7556}") = "CodeArchitects.Platform.Common", "src\Common\CodeArchitects.Platform.Common.csproj", "{9B91B97B-D34F-4B60-9226-0EEAA96E2DDC}"
EndProject
Project("{9A19103F-16F7-4668-BE54-9A1E7A4F7556}") = "CodeArchitects.Platform.Infrastructure.Dapr", "src\Infrastructure.Dapr\CodeArchitects.Platform.Infrastructure.Dapr.csproj", "{B0807A3B-2050-4C6A-8014-014E23D9949D}"
EndProject
Project("{9A19103F-16F7-4668-BE54-9A1E7A4F7556}") = "CodeArchitects.Platform.Common.UnitTests", "tests\Common.UnitTests\CodeArchitects.Platform.Common.UnitTests.csproj", "{B85236B3-9869-44A1-90B2-88097EE43A5C}"
EndProject
Project("{9A19103F-16F7-4668-BE54-9A1E7A4F7556}") = "CodeArchitects.Platform.Infrastructure.Dapr.UnitTests", "tests\Infrastructure.Dapr.UnitTests\CodeArchitects.Platform.Infrastructure.Dapr.UnitTests.csproj", "{49307120-7D26-4410-BD0B-06D06228D504}"
EndProject
Project("{9A19103F-16F7-4668-BE54-9A1E7A4F7556}") = "CodeArchitects.Platform.Infrastructure.Dapr.AspNetCore", "src\Infrastructure.Dapr.AspNetCore\CodeArchitects.Platform.Infrastructure.Dapr.AspNetCore.csproj", "{B08EDB00-4687-4F1F-8F36-3A19C93068E6}"
EndProject
Project("{9A19103F-16F7-4668-BE54-9A1E7A4F7556}") = "CodeArchitects.Platform.Infrastructure.Dapr.AspNetCore.UnitTests", "tests\Infrastructure.Dapr.AspNetCore.UnitTests\CodeArchitects.Platform.Infrastructure.Dapr.AspNetCore.UnitTests.csproj", "{F9E459CD-7B23-475A-97EB-3D8E98A02D02}"
EndProject
Project("{9A19103F-16F7-4668-BE54-9A1E7A4F7556}") = "CodeArchitects.Platform.Data", "src\Data\CodeArchitects.Platform.Data.csproj", "{C22CC44C-9092-4AB2-9103-1C66E6C3AB38}"
EndProject
Project("{9A19103F-16F7-4668-BE54-9A1E7A4F7556}") = "CodeArchitects.Platform.Data.EntityFrameworkCore", "src\Data.EntityFrameworkCore\CodeArchitects.Platform.Data.EntityFrameworkCore.csproj", "{63326C5E-B857-4D2C-BA60-46151F434AA0}"
EndProject
Project("{9A19103F-16F7-4668-BE54-9A1E7A4F7556}") = "CodeArchitects.Platform.Data.EntityFrameworkCore.FunctionalTests", "tests\Data.EntityFrameworkCore.FunctionalTests\CodeArchitects.Platform.Data.EntityFrameworkCore.FunctionalTests.csproj", "{6AF2FD6E-664E-4917-99D2-FD7CB38369F8}"
EndProject
Project("{9A19103F-16F7-4668-BE54-9A1E7A4F7556}") = "CodeArchitects.Platform.Application", "src\Application\CodeArchitects.Platform.Application.csproj", "{D41F7716-18DF-47DF-82AF-8A5CF4613408}"
EndProject
Project("{9A19103F-16F7-4668-BE54-9A1E7A4F7556}") = "CodeArchitects.Platform.Application.UnitTests", "tests\Application.UnitTests\CodeArchitects.Platform.Application.UnitTests.csproj", "{521269E7-1BCB-41AD-8307-FC72BC4792F2}"
EndProject
Project("{2150E333-8FDC-42A3-9474-1A3956D46DE8}") = "Analyzer", "Analyzer", "{646C726C-D374-4213-B169-EB07E0130DEF}"
EndProject
Project("{9A19103F-16F7-4668-BE54-9A1E7A4F7556}") = "CodeArchitects.Platform.CodeAnalysis", "src\CodeAnalysis\CodeArchitects.Platform.CodeAnalysis.csproj", "{69CAE493-4596-4875-9345-D3524FBD47C8}"
EndProject
Project("{9A19103F-16F7-4668-BE54-9A1E7A4F7556}") = "CodeArchitects.Platform.Analyzer", "src\Analyzer\CodeArchitects.Platform.Analyzer.csproj", "{197B5E82-359B-4F12-93B5-7EE541433D77}"
EndProject
Project("{9A19103F-16F7-4668-BE54-9A1E7A4F7556}") = "CodeArchitects.Platform.Analyzer.Tests", "tests\Analyzer.Tests\CodeArchitects.Platform.Analyzer.Tests.csproj", "{40038BD9-FA12-47EA-8DF4-2F43F9050E82}"
EndProject
Project("{9A19103F-16F7-4668-BE54-9A1E7A4F7556}") = "CodeArchitects.Platform.Infrastructure.Dapr.AspNetCore.FunctionalTests", "tests\Infrastructure.Dapr.AspNetCore.FunctionalTests\CodeArchitects.Platform.Infrastructure.Dapr.AspNetCore.FunctionalTests.csproj", "{ED8ECCD8-966B-485F-A98A-1E03960B894D}"
EndProject
Project("{9A19103F-16F7-4668-BE54-9A1E7A4F7556}") = "CodeArchitects.Platform.Dapr.AspNetCore", "src\Dapr.AspNetCore\CodeArchitects.Platform.Dapr.AspNetCore.csproj", "{6778695A-66DB-4AF3-984C-89AA1F70C5D5}"
EndProject
Project("{2150E333-8FDC-42A3-9474-1A3956D46DE8}") = "Dapr", "Dapr", "{279511E3-104D-4A68-BCE7-F9E97414ECDD}"
EndProject
Project("{9A19103F-16F7-4668-BE54-9A1E7A4F7556}") = "CodeArchitects.Platform.Dapr.AspNetCore.UnitTests", "tests\Dapr.AspNetCore.UnitTests\CodeArchitects.Platform.Dapr.AspNetCore.UnitTests.csproj", "{2B50A958-7703-4230-A5E0-9F046B059A54}"
EndProject
Project("{FAE04EC0-301F-11D3-BF4B-00C04F79EFBC}") = "CodeArchitects.Platform.Messaging", "src\Messaging\CodeArchitects.Platform.Messaging.csproj", "{2E3C34D8-D7C7-41C4-A9C5-0D38F9798878}"
EndProject
Project("{FAE04EC0-301F-11D3-BF4B-00C04F79EFBC}") = "CodeArchitects.Platform.Messaging.Dapr", "src\Messaging.Dapr\CodeArchitects.Platform.Messaging.Dapr.csproj", "{C442D08B-B968-4DB1-9399-32F0B2D3B107}"
EndProject
Project("{FAE04EC0-301F-11D3-BF4B-00C04F79EFBC}") = "CodeArchitects.Platform.Messaging.Dapr.AspNetCore", "src\Messaging.Dapr.AspNetCore\CodeArchitects.Platform.Messaging.Dapr.AspNetCore.csproj", "{03E4EF17-FD2C-4D91-99A1-6FB8FC5F52BC}"
EndProject
Global
	GlobalSection(SolutionConfigurationPlatforms) = preSolution
		Debug|Any CPU = Debug|Any CPU
		Release|Any CPU = Release|Any CPU
	EndGlobalSection
	GlobalSection(ProjectConfigurationPlatforms) = postSolution
		{54743C88-11C2-4761-8536-B56218604416}.Debug|Any CPU.ActiveCfg = Debug|Any CPU
		{54743C88-11C2-4761-8536-B56218604416}.Debug|Any CPU.Build.0 = Debug|Any CPU
		{54743C88-11C2-4761-8536-B56218604416}.Release|Any CPU.ActiveCfg = Release|Any CPU
		{54743C88-11C2-4761-8536-B56218604416}.Release|Any CPU.Build.0 = Release|Any CPU
		{9B91B97B-D34F-4B60-9226-0EEAA96E2DDC}.Debug|Any CPU.ActiveCfg = Debug|Any CPU
		{9B91B97B-D34F-4B60-9226-0EEAA96E2DDC}.Debug|Any CPU.Build.0 = Debug|Any CPU
		{9B91B97B-D34F-4B60-9226-0EEAA96E2DDC}.Release|Any CPU.ActiveCfg = Release|Any CPU
		{9B91B97B-D34F-4B60-9226-0EEAA96E2DDC}.Release|Any CPU.Build.0 = Release|Any CPU
		{B0807A3B-2050-4C6A-8014-014E23D9949D}.Debug|Any CPU.ActiveCfg = Debug|Any CPU
		{B0807A3B-2050-4C6A-8014-014E23D9949D}.Debug|Any CPU.Build.0 = Debug|Any CPU
		{B0807A3B-2050-4C6A-8014-014E23D9949D}.Release|Any CPU.ActiveCfg = Release|Any CPU
		{B0807A3B-2050-4C6A-8014-014E23D9949D}.Release|Any CPU.Build.0 = Release|Any CPU
		{B85236B3-9869-44A1-90B2-88097EE43A5C}.Debug|Any CPU.ActiveCfg = Debug|Any CPU
		{B85236B3-9869-44A1-90B2-88097EE43A5C}.Debug|Any CPU.Build.0 = Debug|Any CPU
		{B85236B3-9869-44A1-90B2-88097EE43A5C}.Release|Any CPU.ActiveCfg = Release|Any CPU
		{B85236B3-9869-44A1-90B2-88097EE43A5C}.Release|Any CPU.Build.0 = Release|Any CPU
		{49307120-7D26-4410-BD0B-06D06228D504}.Debug|Any CPU.ActiveCfg = Debug|Any CPU
		{49307120-7D26-4410-BD0B-06D06228D504}.Debug|Any CPU.Build.0 = Debug|Any CPU
		{49307120-7D26-4410-BD0B-06D06228D504}.Release|Any CPU.ActiveCfg = Release|Any CPU
		{49307120-7D26-4410-BD0B-06D06228D504}.Release|Any CPU.Build.0 = Release|Any CPU
		{B08EDB00-4687-4F1F-8F36-3A19C93068E6}.Debug|Any CPU.ActiveCfg = Debug|Any CPU
		{B08EDB00-4687-4F1F-8F36-3A19C93068E6}.Debug|Any CPU.Build.0 = Debug|Any CPU
		{B08EDB00-4687-4F1F-8F36-3A19C93068E6}.Release|Any CPU.ActiveCfg = Release|Any CPU
		{B08EDB00-4687-4F1F-8F36-3A19C93068E6}.Release|Any CPU.Build.0 = Release|Any CPU
		{F9E459CD-7B23-475A-97EB-3D8E98A02D02}.Debug|Any CPU.ActiveCfg = Debug|Any CPU
		{F9E459CD-7B23-475A-97EB-3D8E98A02D02}.Debug|Any CPU.Build.0 = Debug|Any CPU
		{F9E459CD-7B23-475A-97EB-3D8E98A02D02}.Release|Any CPU.ActiveCfg = Release|Any CPU
		{F9E459CD-7B23-475A-97EB-3D8E98A02D02}.Release|Any CPU.Build.0 = Release|Any CPU
		{C22CC44C-9092-4AB2-9103-1C66E6C3AB38}.Debug|Any CPU.ActiveCfg = Debug|Any CPU
		{C22CC44C-9092-4AB2-9103-1C66E6C3AB38}.Debug|Any CPU.Build.0 = Debug|Any CPU
		{C22CC44C-9092-4AB2-9103-1C66E6C3AB38}.Release|Any CPU.ActiveCfg = Release|Any CPU
		{C22CC44C-9092-4AB2-9103-1C66E6C3AB38}.Release|Any CPU.Build.0 = Release|Any CPU
		{63326C5E-B857-4D2C-BA60-46151F434AA0}.Debug|Any CPU.ActiveCfg = Debug|Any CPU
		{63326C5E-B857-4D2C-BA60-46151F434AA0}.Debug|Any CPU.Build.0 = Debug|Any CPU
		{63326C5E-B857-4D2C-BA60-46151F434AA0}.Release|Any CPU.ActiveCfg = Release|Any CPU
		{63326C5E-B857-4D2C-BA60-46151F434AA0}.Release|Any CPU.Build.0 = Release|Any CPU
		{6AF2FD6E-664E-4917-99D2-FD7CB38369F8}.Debug|Any CPU.ActiveCfg = Debug|Any CPU
		{6AF2FD6E-664E-4917-99D2-FD7CB38369F8}.Debug|Any CPU.Build.0 = Debug|Any CPU
		{6AF2FD6E-664E-4917-99D2-FD7CB38369F8}.Release|Any CPU.ActiveCfg = Release|Any CPU
		{6AF2FD6E-664E-4917-99D2-FD7CB38369F8}.Release|Any CPU.Build.0 = Release|Any CPU
		{D41F7716-18DF-47DF-82AF-8A5CF4613408}.Debug|Any CPU.ActiveCfg = Debug|Any CPU
		{D41F7716-18DF-47DF-82AF-8A5CF4613408}.Debug|Any CPU.Build.0 = Debug|Any CPU
		{D41F7716-18DF-47DF-82AF-8A5CF4613408}.Release|Any CPU.ActiveCfg = Release|Any CPU
		{D41F7716-18DF-47DF-82AF-8A5CF4613408}.Release|Any CPU.Build.0 = Release|Any CPU
		{521269E7-1BCB-41AD-8307-FC72BC4792F2}.Debug|Any CPU.ActiveCfg = Debug|Any CPU
		{521269E7-1BCB-41AD-8307-FC72BC4792F2}.Debug|Any CPU.Build.0 = Debug|Any CPU
		{521269E7-1BCB-41AD-8307-FC72BC4792F2}.Release|Any CPU.ActiveCfg = Release|Any CPU
		{521269E7-1BCB-41AD-8307-FC72BC4792F2}.Release|Any CPU.Build.0 = Release|Any CPU
		{69CAE493-4596-4875-9345-D3524FBD47C8}.Debug|Any CPU.ActiveCfg = Debug|Any CPU
		{69CAE493-4596-4875-9345-D3524FBD47C8}.Debug|Any CPU.Build.0 = Debug|Any CPU
		{69CAE493-4596-4875-9345-D3524FBD47C8}.Release|Any CPU.ActiveCfg = Release|Any CPU
		{69CAE493-4596-4875-9345-D3524FBD47C8}.Release|Any CPU.Build.0 = Release|Any CPU
		{197B5E82-359B-4F12-93B5-7EE541433D77}.Debug|Any CPU.ActiveCfg = Debug|Any CPU
		{197B5E82-359B-4F12-93B5-7EE541433D77}.Debug|Any CPU.Build.0 = Debug|Any CPU
		{197B5E82-359B-4F12-93B5-7EE541433D77}.Release|Any CPU.ActiveCfg = Release|Any CPU
		{197B5E82-359B-4F12-93B5-7EE541433D77}.Release|Any CPU.Build.0 = Release|Any CPU
		{40038BD9-FA12-47EA-8DF4-2F43F9050E82}.Debug|Any CPU.ActiveCfg = Debug|Any CPU
		{40038BD9-FA12-47EA-8DF4-2F43F9050E82}.Debug|Any CPU.Build.0 = Debug|Any CPU
		{40038BD9-FA12-47EA-8DF4-2F43F9050E82}.Release|Any CPU.ActiveCfg = Release|Any CPU
		{40038BD9-FA12-47EA-8DF4-2F43F9050E82}.Release|Any CPU.Build.0 = Release|Any CPU
		{ED8ECCD8-966B-485F-A98A-1E03960B894D}.Debug|Any CPU.ActiveCfg = Debug|Any CPU
		{ED8ECCD8-966B-485F-A98A-1E03960B894D}.Debug|Any CPU.Build.0 = Debug|Any CPU
		{ED8ECCD8-966B-485F-A98A-1E03960B894D}.Release|Any CPU.ActiveCfg = Release|Any CPU
		{ED8ECCD8-966B-485F-A98A-1E03960B894D}.Release|Any CPU.Build.0 = Release|Any CPU
		{6778695A-66DB-4AF3-984C-89AA1F70C5D5}.Debug|Any CPU.ActiveCfg = Debug|Any CPU
		{6778695A-66DB-4AF3-984C-89AA1F70C5D5}.Debug|Any CPU.Build.0 = Debug|Any CPU
		{6778695A-66DB-4AF3-984C-89AA1F70C5D5}.Release|Any CPU.ActiveCfg = Release|Any CPU
		{6778695A-66DB-4AF3-984C-89AA1F70C5D5}.Release|Any CPU.Build.0 = Release|Any CPU
		{2B50A958-7703-4230-A5E0-9F046B059A54}.Debug|Any CPU.ActiveCfg = Debug|Any CPU
		{2B50A958-7703-4230-A5E0-9F046B059A54}.Debug|Any CPU.Build.0 = Debug|Any CPU
		{2B50A958-7703-4230-A5E0-9F046B059A54}.Release|Any CPU.ActiveCfg = Release|Any CPU
		{2B50A958-7703-4230-A5E0-9F046B059A54}.Release|Any CPU.Build.0 = Release|Any CPU
		{2E3C34D8-D7C7-41C4-A9C5-0D38F9798878}.Debug|Any CPU.ActiveCfg = Debug|Any CPU
		{2E3C34D8-D7C7-41C4-A9C5-0D38F9798878}.Debug|Any CPU.Build.0 = Debug|Any CPU
		{2E3C34D8-D7C7-41C4-A9C5-0D38F9798878}.Release|Any CPU.ActiveCfg = Release|Any CPU
		{2E3C34D8-D7C7-41C4-A9C5-0D38F9798878}.Release|Any CPU.Build.0 = Release|Any CPU
		{C442D08B-B968-4DB1-9399-32F0B2D3B107}.Debug|Any CPU.ActiveCfg = Debug|Any CPU
		{C442D08B-B968-4DB1-9399-32F0B2D3B107}.Debug|Any CPU.Build.0 = Debug|Any CPU
		{C442D08B-B968-4DB1-9399-32F0B2D3B107}.Release|Any CPU.ActiveCfg = Release|Any CPU
		{C442D08B-B968-4DB1-9399-32F0B2D3B107}.Release|Any CPU.Build.0 = Release|Any CPU
		{03E4EF17-FD2C-4D91-99A1-6FB8FC5F52BC}.Debug|Any CPU.ActiveCfg = Debug|Any CPU
		{03E4EF17-FD2C-4D91-99A1-6FB8FC5F52BC}.Debug|Any CPU.Build.0 = Debug|Any CPU
		{03E4EF17-FD2C-4D91-99A1-6FB8FC5F52BC}.Release|Any CPU.ActiveCfg = Release|Any CPU
		{03E4EF17-FD2C-4D91-99A1-6FB8FC5F52BC}.Release|Any CPU.Build.0 = Release|Any CPU
	EndGlobalSection
	GlobalSection(SolutionProperties) = preSolution
		HideSolutionNode = FALSE
	EndGlobalSection
	GlobalSection(NestedProjects) = preSolution
		{B0807A3B-2050-4C6A-8014-014E23D9949D} = {279511E3-104D-4A68-BCE7-F9E97414ECDD}
		{B85236B3-9869-44A1-90B2-88097EE43A5C} = {2221E47A-0474-48FC-8840-E8E6CDAED427}
		{49307120-7D26-4410-BD0B-06D06228D504} = {2221E47A-0474-48FC-8840-E8E6CDAED427}
		{B08EDB00-4687-4F1F-8F36-3A19C93068E6} = {279511E3-104D-4A68-BCE7-F9E97414ECDD}
		{F9E459CD-7B23-475A-97EB-3D8E98A02D02} = {2221E47A-0474-48FC-8840-E8E6CDAED427}
		{6AF2FD6E-664E-4917-99D2-FD7CB38369F8} = {2221E47A-0474-48FC-8840-E8E6CDAED427}
		{521269E7-1BCB-41AD-8307-FC72BC4792F2} = {2221E47A-0474-48FC-8840-E8E6CDAED427}
		{69CAE493-4596-4875-9345-D3524FBD47C8} = {646C726C-D374-4213-B169-EB07E0130DEF}
		{197B5E82-359B-4F12-93B5-7EE541433D77} = {646C726C-D374-4213-B169-EB07E0130DEF}
		{40038BD9-FA12-47EA-8DF4-2F43F9050E82} = {2221E47A-0474-48FC-8840-E8E6CDAED427}
		{ED8ECCD8-966B-485F-A98A-1E03960B894D} = {2221E47A-0474-48FC-8840-E8E6CDAED427}
		{6778695A-66DB-4AF3-984C-89AA1F70C5D5} = {279511E3-104D-4A68-BCE7-F9E97414ECDD}
		{2B50A958-7703-4230-A5E0-9F046B059A54} = {2221E47A-0474-48FC-8840-E8E6CDAED427}
		{C442D08B-B968-4DB1-9399-32F0B2D3B107} = {279511E3-104D-4A68-BCE7-F9E97414ECDD}
		{03E4EF17-FD2C-4D91-99A1-6FB8FC5F52BC} = {279511E3-104D-4A68-BCE7-F9E97414ECDD}
	EndGlobalSection
	GlobalSection(ExtensibilityGlobals) = postSolution
		SolutionGuid = {6E0758CD-5D42-4CAC-B572-B98177958052}
	EndGlobalSection
EndGlobal
